# THIS IS AN AUTOGENERATED FILE. DO NOT EDIT THIS FILE DIRECTLY.
# yarn lockfile v1


mobx-react-lite@^3.4.0:
  version "3.4.3"
  resolved "https://registry.yarnpkg.com/mobx-react-lite/-/mobx-react-lite-3.4.3.tgz#3a4c22c30bfaa8b1b2aa48d12b2ba811c0947ab7"
  integrity sha512-NkJREyFTSUXR772Qaai51BnE1voWx56LOL80xG7qkZr6vo8vEaLF3sz1JNUVh+rxmUzxYaqOhfuxTfqUh0FXUg==

mobx-react@^7.6.0:
  version "7.6.0"
  resolved "https://registry.yarnpkg.com/mobx-react/-/mobx-react-7.6.0.tgz#ebf0456728a9bd2e5c24fdcf9b36e285a222a7d6"
  integrity sha512-+HQUNuh7AoQ9ZnU6c4rvbiVVl+wEkb9WqYsVDzGLng+Dqj1XntHu79PvEWKtSMoMj67vFp/ZPXcElosuJO8ckA==
  dependencies:
    mobx-react-lite "^3.4.0"

mobx@^6.9.0:
  version "6.9.0"
  resolved "https://registry.yarnpkg.com/mobx/-/mobx-6.9.0.tgz#8a894c26417c05bed2cf7499322e589ee9787397"
  integrity sha512-HdKewQEREEJgsWnErClfbFoVebze6rGazxFLU/XUyrII8dORfVszN1V0BMRnQSzcgsNNtkX8DHj3nC6cdWE9YQ==
